<?xml version="1.0" encoding="UTF-8" standalone="yes" ?>
<CodeBlocks_project_file>
	<FileVersion major="1" minor="6" />
	<Project>
		<Option title="table" />
		<Option pch_mode="2" />
		<Option compiler="gcc" />
		<Build>
			<Target title="Debug">
				<Option output="bin/Debug/table" prefix_auto="1" extension_auto="1" />
				<Option object_output="obj/Debug/" />
				<Option type="1" />
				<Option compiler="gcc" />
				<Compiler>
					<Add option="-pedantic" />
					<Add option="-std=c++11" />
					<Add option="-Wextra" />
					<Add option="-Wall" />
					<Add option="-g" />
				</Compiler>
			</Target>
			<Target title="Release">
				<Option output="bin/Release/table" prefix_auto="1" extension_auto="1" />
				<Option object_output="obj/Release/" />
				<Option type="1" />
				<Option compiler="gcc" />
				<Compiler>
					<Add option="-O2" />
				</Compiler>
				<Linker>
					<Add option="-s" />
				</Linker>
			</Target>
		</Build>
		<Compiler>
			<Add option="-pedantic" />
			<Add option="-std=c++11" />
			<Add option="-Wextra" />
			<Add option="-Wall" />
			<Add option="-fexceptions" />
		</Compiler>
		<Unit filename="src/dice.cpp" />
		<Unit filename="src/dice.hpp" />
		<Unit filename="src/game.hpp" />
		<Unit filename="src/game_core.cpp" />
		<Unit filename="src/game_core.hpp" />
		<Unit filename="src/gui.hpp" />
		<Unit filename="src/helper_board.cpp" />
		<Unit filename="src/helper_board.hpp" />
		<Unit filename="src/main.cpp" />
		<Unit filename="src/round.cpp" />
		<Unit filename="src/round.hpp" />
		<Unit filename="src/rules.cpp" />
		<Unit filename="src/rules.hpp" />
		<Extensions>
			<code_completion />
			<envvars />
			<debugger />
		</Extensions>
	</Project>
</CodeBlocks_project_file>
